lockfile_version: '1'
generated_at: '2026-09-03T13:25:16.611834+00:00'
apm_version: 0.28.0
dependencies:
- repo_url: yukimemi/renri
  name: renri
  host: github.com
  resolved_commit: d397af41371ffd11cfe9fddbe6a84c6eb2c2078a
  resolved_ref: main
  version: 0.1.17
  package_type: apm_package
  deployed_files:
  - .agents/skills/renri
  - .agents/skills/renri/SKILL.md
  - .claude/skills/renri
  - .claude/skills/renri/SKILL.md
  deployed_file_hashes:
    .agents/skills/renri/SKILL.md: sha256:b0ef8bb599b5dc116a39dc2d3712dd95c722974b91f109a26263052c8d1090d6
    .claude/skills/renri/SKILL.md: sha256:b0ef8bb599b5dc116a39dc2d3712dd95c722974b91f109a26263052c8d1090d6
  content_hash: sha256:0559f7b748498dc66d2711486ca187cca5a034184ff3f1930d5aa3995f0131c5
deployments:
- kind: project-relative
  target: claude
  value: .claude/skills/renri
  runtime: null
  scope: project
  owners:
  - yukimemi/renri
  active_owner: yukimemi/renri
  content_hash: null
- kind: project-relative
  target: claude
  value: .claude/skills/renri/SKILL.md
  runtime: null
  scope: project
  owners:
  - yukimemi/renri
  active_owner: yukimemi/renri
  content_hash: sha256:b0ef8bb599b5dc116a39dc2d3712dd95c722974b91f109a26263052c8d1090d6
- kind: project-relative
  target: copilot
  value: .agents/skills/renri
  runtime: null
  scope: project
  owners:
  - yukimemi/renri
  active_owner: yukimemi/renri
  content_hash: null
- kind: project-relative
  target: copilot
  value: .agents/skills/renri/SKILL.md
  runtime: null
  scope: project
  owners:
  - yukimemi/renri
  active_owner: yukimemi/renri
  content_hash: sha256:b0ef8bb599b5dc116a39dc2d3712dd95c722974b91f109a26263052c8d1090d6
