lockfile_version: '1'
generated_at: '2026-08-29T00:57:32.659869+00:00'
apm_version: 0.28.0
dependencies:
- repo_url: yukimemi/renri
  name: renri
  host: github.com
  resolved_commit: 4f25f27a57dc39ba377a5506df50753510f233f6
  resolved_ref: main
  version: 0.1.17
  package_type: apm_package
  deployed_files:
  - .agents/skills/renri
  - .agents/skills/renri/SKILL.md
  - .claude/skills/renri
  - .claude/skills/renri/SKILL.md
  deployed_file_hashes:
    .agents/skills/renri/SKILL.md: sha256:b0ef8bb599b5dc116a39dc2d3712dd95c722974b91f109a26263052c8d1090d6
    .claude/skills/renri/SKILL.md: sha256:b0ef8bb599b5dc116a39dc2d3712dd95c722974b91f109a26263052c8d1090d6
  content_hash: sha256:181da97adec6b831f7460bac03dc22c379d4e7c260aeac5afb2b3092571e8c5c
deployments:
- kind: project-relative
  target: claude
  value: .claude/skills/renri
  runtime: null
  scope: project
  owners:
  - yukimemi/renri
  active_owner: yukimemi/renri
  content_hash: null
- kind: project-relative
  target: claude
  value: .claude/skills/renri/SKILL.md
  runtime: null
  scope: project
  owners:
  - yukimemi/renri
  active_owner: yukimemi/renri
  content_hash: sha256:b0ef8bb599b5dc116a39dc2d3712dd95c722974b91f109a26263052c8d1090d6
- kind: project-relative
  target: copilot
  value: .agents/skills/renri
  runtime: null
  scope: project
  owners:
  - yukimemi/renri
  active_owner: yukimemi/renri
  content_hash: null
- kind: project-relative
  target: copilot
  value: .agents/skills/renri/SKILL.md
  runtime: null
  scope: project
  owners:
  - yukimemi/renri
  active_owner: yukimemi/renri
  content_hash: sha256:b0ef8bb599b5dc116a39dc2d3712dd95c722974b91f109a26263052c8d1090d6
